{
  "originHash" : "159066f9091b60dcfeacf044ca565b4d5bbc1bebc69e690e19a3e95769f7da4e",
  "pins" : [
    {
      "identity" : "focusentity",
      "kind" : "remoteSourceControl",
      "location" : "https://github.com/maxxfrazer/FocusEntity.git",
      "state" : {
        "revision" : "5fa521172e447cbfa8c2fc1d6602d9d6bed202c7",
        "version" : "2.5.1"
      }
    },
    {
      "identity" : "lottie-ios",
      "kind" : "remoteSourceControl",
      "location" : "https://github.com/airbnb/lottie-ios.git",
      "state" : {
        "revision" : "769b88d83a42ca8d5572b020c96f47e3690b3796",
        "version" : "4.4.3"
      }
    }
  ],
  "version" : 3
}
